
Microsoft Visual Studio Solution File, Format Version 12.00
# Visual Studio Version 17
VisualStudioVersion = 17.3.32819.101
MinimumVisualStudioVersion = 10.0.40219.1
Project("{FAE04EC0-301F-11D3-BF4B-00C04F79EFBC}") = "Shinaburo", "Shinaburo.csproj", "{21270B6E-AA71-4F3A-BFC2-FA1495450451}"
EndProject
Global
	GlobalSection(SolutionConfigurationPlatforms) = preSolution
		Debug|Any CPU = Debug|Any CPU
		Release|Any CPU = Release|Any CPU
	EndGlobalSection
	GlobalSection(ProjectConfigurationPlatforms) = postSolution
		{21270B6E-AA71-4F3A-BFC2-FA1495450451}.Debug|Any CPU.ActiveCfg = Debug|Any CPU
		{21270B6E-AA71-4F3A-BFC2-FA1495450451}.Debug|Any CPU.Build.0 = Debug|Any CPU
		{21270B6E-AA71-4F3A-BFC2-FA1495450451}.Release|Any CPU.ActiveCfg = Release|Any CPU
		{21270B6E-AA71-4F3A-BFC2-FA1495450451}.Release|Any CPU.Build.0 = Release|Any CPU
	EndGlobalSection
	GlobalSection(SolutionProperties) = preSolution
		HideSolutionNode = FALSE
	EndGlobalSection
	GlobalSection(ExtensibilityGlobals) = postSolution
		SolutionGuid = {832FF8EE-1FF5-411D-8D18-923523F653E3}
	EndGlobalSection
EndGlobal
